// !$*UTF8*$!
{
	archiveVersion = 1;
	classes = {
	};
	objectVersion = 50;
	objects = {

/* Begin PBXBuildFile section */
		420CA1C5243DC22B00587298 /* UIApplication+.swift in Sources */ = {isa = PBXBuildFile; fileRef = 420CA1C4243DC22B00587298 /* UIApplication+.swift */; };
		421E3DC7243CA2950042B63D /* ShareView.swift in Sources */ = {isa = PBXBuildFile; fileRef = 421E3DC6243CA2950042B63D /* ShareView.swift */; };
		421E3DC9243CA99F0042B63D /* Locale+Country.swift in Sources */ = {isa = PBXBuildFile; fileRef = 421E3DC8243CA99F0042B63D /* Locale+Country.swift */; };
		423F8C69243C6ADD00C31F1C /* Translations.swift in Sources */ = {isa = PBXBuildFile; fileRef = 423F8C68243C6ADD00C31F1C /* Translations.swift */; };
		423F8C6C243C6BBB00C31F1C /* Localizable.strings in Resources */ = {isa = PBXBuildFile; fileRef = 423F8C6E243C6BBB00C31F1C /* Localizable.strings */; };
		425733E324471B6700591289 /* PodiumView.swift in Sources */ = {isa = PBXBuildFile; fileRef = 425733E224471B6700591289 /* PodiumView.swift */; };
		427031F6243C489E00B73B86 /* View+Font.swift in Sources */ = {isa = PBXBuildFile; fileRef = 427031F5243C489D00B73B86 /* View+Font.swift */; };
		4272088D24371EBE0007D61A /* Bundle+Version.swift in Sources */ = {isa = PBXBuildFile; fileRef = 4272088C24371EBE0007D61A /* Bundle+Version.swift */; };
		42838F49243515E5006978BF /* GameKit.framework in Frameworks */ = {isa = PBXBuildFile; fileRef = 42838F48243515E5006978BF /* GameKit.framework */; };
		42A1E5762434932D00FA53F6 /* SceneDelegate.swift in Sources */ = {isa = PBXBuildFile; fileRef = 42A1E5752434932D00FA53F6 /* SceneDelegate.swift */; };
		42A1E5782434932D00FA53F6 /* GameView.swift in Sources */ = {isa = PBXBuildFile; fileRef = 42A1E5772434932D00FA53F6 /* GameView.swift */; };
		42A1E57A2434932F00FA53F6 /* Assets.xcassets in Resources */ = {isa = PBXBuildFile; fileRef = 42A1E5792434932F00FA53F6 /* Assets.xcassets */; };
		42A1E57D2434932F00FA53F6 /* Preview Assets.xcassets in Resources */ = {isa = PBXBuildFile; fileRef = 42A1E57C2434932F00FA53F6 /* Preview Assets.xcassets */; };
		42A1E5802434932F00FA53F6 /* LaunchScreen.storyboard in Resources */ = {isa = PBXBuildFile; fileRef = 42A1E57E2434932F00FA53F6 /* LaunchScreen.storyboard */; };
		42A1E5882434BA5100FA53F6 /* TimerView.swift in Sources */ = {isa = PBXBuildFile; fileRef = 42A1E5872434BA5100FA53F6 /* TimerView.swift */; };
		42A1E58A2434C1AB00FA53F6 /* TileView.swift in Sources */ = {isa = PBXBuildFile; fileRef = 42A1E5892434C1AB00FA53F6 /* TileView.swift */; };
		42A1E58C2434C25E00FA53F6 /* CurrentValueView.swift in Sources */ = {isa = PBXBuildFile; fileRef = 42A1E58B2434C25E00FA53F6 /* CurrentValueView.swift */; };
		42AAF1172437AC9200BB21E7 /* View+GridSize.swift in Sources */ = {isa = PBXBuildFile; fileRef = 42AAF1162437AC9200BB21E7 /* View+GridSize.swift */; };
		42B6A7CA2435B44C00B4D381 /* ScoreView.swift in Sources */ = {isa = PBXBuildFile; fileRef = 42B6A7C92435B44C00B4D381 /* ScoreView.swift */; };
		42B6A7CC2435B65E00B4D381 /* WelcomeScreenView.swift in Sources */ = {isa = PBXBuildFile; fileRef = 42B6A7CB2435B65E00B4D381 /* WelcomeScreenView.swift */; };
		42B6A7CE2435B73500B4D381 /* MenuView.swift in Sources */ = {isa = PBXBuildFile; fileRef = 42B6A7CD2435B73500B4D381 /* MenuView.swift */; };
		42B6A7D02435B7D900B4D381 /* BoardView.swift in Sources */ = {isa = PBXBuildFile; fileRef = 42B6A7CF2435B7D900B4D381 /* BoardView.swift */; };
		42B6A7D22435BACD00B4D381 /* GameStatusView.swift in Sources */ = {isa = PBXBuildFile; fileRef = 42B6A7D12435BACD00B4D381 /* GameStatusView.swift */; };
		42CDABA8244AEA2C008D97DC /* GameViewModel.swift in Sources */ = {isa = PBXBuildFile; fileRef = 42CDABA7244AEA2C008D97DC /* GameViewModel.swift */; };
		42E71C5024350E3C007DEB2B /* GameCenter.swift in Sources */ = {isa = PBXBuildFile; fileRef = 42E71C4F24350E3C007DEB2B /* GameCenter.swift */; };
		42F982042435D53100E643E6 /* Int+Score.swift in Sources */ = {isa = PBXBuildFile; fileRef = 42F982032435D53100E643E6 /* Int+Score.swift */; };
		42F982062435D65600E643E6 /* TimeInterval+Score.swift in Sources */ = {isa = PBXBuildFile; fileRef = 42F982052435D65600E643E6 /* TimeInterval+Score.swift */; };
/* End PBXBuildFile section */

/* Begin PBXFileReference section */
		420CA1C4243DC22B00587298 /* UIApplication+.swift */ = {isa = PBXFileReference; lastKnownFileType = sourcecode.swift; path = "UIApplication+.swift"; sourceTree = "<group>"; };
		421E3DC6243CA2950042B63D /* ShareView.swift */ = {isa = PBXFileReference; lastKnownFileType = sourcecode.swift; path = ShareView.swift; sourceTree = "<group>"; };
		421E3DC8243CA99F0042B63D /* Locale+Country.swift */ = {isa = PBXFileReference; lastKnownFileType = sourcecode.swift; path = "Locale+Country.swift"; sourceTree = "<group>"; };
		423F8C61243C69FC00C31F1C /* es */ = {isa = PBXFileReference; lastKnownFileType = text.plist.strings; name = es; path = es.lproj/LaunchScreen.strings; sourceTree = "<group>"; };
		423F8C68243C6ADD00C31F1C /* Translations.swift */ = {isa = PBXFileReference; lastKnownFileType = sourcecode.swift; path = Translations.swift; sourceTree = "<group>"; };
		423F8C6D243C6BBB00C31F1C /* en */ = {isa = PBXFileReference; lastKnownFileType = text.plist.strings; name = en; path = en.lproj/Localizable.strings; sourceTree = "<group>"; };
		423F8C70243C6BF700C31F1C /* es */ = {isa = PBXFileReference; lastKnownFileType = text.plist.strings; name = es; path = es.lproj/Localizable.strings; sourceTree = "<group>"; };
		425733E224471B6700591289 /* PodiumView.swift */ = {isa = PBXFileReference; lastKnownFileType = sourcecode.swift; path = PodiumView.swift; sourceTree = "<group>"; };
		427031F5243C489D00B73B86 /* View+Font.swift */ = {isa = PBXFileReference; lastKnownFileType = sourcecode.swift; path = "View+Font.swift"; sourceTree = "<group>"; };
		4272088C24371EBE0007D61A /* Bundle+Version.swift */ = {isa = PBXFileReference; lastKnownFileType = sourcecode.swift; path = "Bundle+Version.swift"; sourceTree = "<group>"; };
		42838F48243515E5006978BF /* GameKit.framework */ = {isa = PBXFileReference; lastKnownFileType = wrapper.framework; name = GameKit.framework; path = System/Library/Frameworks/GameKit.framework; sourceTree = SDKROOT; };
		42A1E5702434932D00FA53F6 /* SpeedyNumbers.app */ = {isa = PBXFileReference; explicitFileType = wrapper.application; includeInIndex = 0; path = SpeedyNumbers.app; sourceTree = BUILT_PRODUCTS_DIR; };
		42A1E5752434932D00FA53F6 /* SceneDelegate.swift */ = {isa = PBXFileReference; lastKnownFileType = sourcecode.swift; path = SceneDelegate.swift; sourceTree = "<group>"; };
		42A1E5772434932D00FA53F6 /* GameView.swift */ = {isa = PBXFileReference; lastKnownFileType = sourcecode.swift; path = GameView.swift; sourceTree = "<group>"; };
		42A1E5792434932F00FA53F6 /* Assets.xcassets */ = {isa = PBXFileReference; lastKnownFileType = folder.assetcatalog; path = Assets.xcassets; sourceTree = "<group>"; };
		42A1E57C2434932F00FA53F6 /* Preview Assets.xcassets */ = {isa = PBXFileReference; lastKnownFileType = folder.assetcatalog; path = "Preview Assets.xcassets"; sourceTree = "<group>"; };
		42A1E57F2434932F00FA53F6 /* Base */ = {isa = PBXFileReference; lastKnownFileType = file.storyboard; name = Base; path = Base.lproj/LaunchScreen.storyboard; sourceTree = "<group>"; };
		42A1E5812434932F00FA53F6 /* Info.plist */ = {isa = PBXFileReference; lastKnownFileType = text.plist.xml; path = Info.plist; sourceTree = "<group>"; };
		42A1E5872434BA5100FA53F6 /* TimerView.swift */ = {isa = PBXFileReference; lastKnownFileType = sourcecode.swift; path = TimerView.swift; sourceTree = "<group>"; };
		42A1E5892434C1AB00FA53F6 /* TileView.swift */ = {isa = PBXFileReference; lastKnownFileType = sourcecode.swift; path = TileView.swift; sourceTree = "<group>"; };
		42A1E58B2434C25E00FA53F6 /* CurrentValueView.swift */ = {isa = PBXFileReference; lastKnownFileType = sourcecode.swift; path = CurrentValueView.swift; sourceTree = "<group>"; };
		42AAF1162437AC9200BB21E7 /* View+GridSize.swift */ = {isa = PBXFileReference; lastKnownFileType = sourcecode.swift; path = "View+GridSize.swift"; sourceTree = "<group>"; };
		42B6A7C92435B44C00B4D381 /* ScoreView.swift */ = {isa = PBXFileReference; lastKnownFileType = sourcecode.swift; path = ScoreView.swift; sourceTree = "<group>"; };
		42B6A7CB2435B65E00B4D381 /* WelcomeScreenView.swift */ = {isa = PBXFileReference; lastKnownFileType = sourcecode.swift; path = WelcomeScreenView.swift; sourceTree = "<group>"; };
		42B6A7CD2435B73500B4D381 /* MenuView.swift */ = {isa = PBXFileReference; lastKnownFileType = sourcecode.swift; path = MenuView.swift; sourceTree = "<group>"; };
		42B6A7CF2435B7D900B4D381 /* BoardView.swift */ = {isa = PBXFileReference; lastKnownFileType = sourcecode.swift; path = BoardView.swift; sourceTree = "<group>"; };
		42B6A7D12435BACD00B4D381 /* GameStatusView.swift */ = {isa = PBXFileReference; lastKnownFileType = sourcecode.swift; path = GameStatusView.swift; sourceTree = "<group>"; };
		42CDABA7244AEA2C008D97DC /* GameViewModel.swift */ = {isa = PBXFileReference; lastKnownFileType = sourcecode.swift; path = GameViewModel.swift; sourceTree = "<group>"; };
		42E71C4F24350E3C007DEB2B /* GameCenter.swift */ = {isa = PBXFileReference; lastKnownFileType = sourcecode.swift; path = GameCenter.swift; sourceTree = "<group>"; };
		42F982032435D53100E643E6 /* Int+Score.swift */ = {isa = PBXFileReference; lastKnownFileType = sourcecode.swift; path = "Int+Score.swift"; sourceTree = "<group>"; };
		42F982052435D65600E643E6 /* TimeInterval+Score.swift */ = {isa = PBXFileReference; lastKnownFileType = sourcecode.swift; path = "TimeInterval+Score.swift"; sourceTree = "<group>"; };
/* End PBXFileReference section */

/* Begin PBXFrameworksBuildPhase section */
		42A1E56D2434932D00FA53F6 /* Frameworks */ = {
			isa = PBXFrameworksBuildPhase;
			buildActionMask = 2147483647;
			files = (
				42838F49243515E5006978BF /* GameKit.framework in Frameworks */,
			);
			runOnlyForDeploymentPostprocessing = 0;
		};
/* End PBXFrameworksBuildPhase section */

/* Begin PBXGroup section */
		421E3DBF243C88EB0042B63D /* Assets */ = {
			isa = PBXGroup;
			children = (
				42A1E5792434932F00FA53F6 /* Assets.xcassets */,
			);
			path = Assets;
			sourceTree = "<group>";
		};
		42838F47243515E5006978BF /* Frameworks */ = {
			isa = PBXGroup;
			children = (
				42838F48243515E5006978BF /* GameKit.framework */,
			);
			name = Frameworks;
			sourceTree = "<group>";
		};
		42A1E5672434932D00FA53F6 = {
			isa = PBXGroup;
			children = (
				42A1E5722434932D00FA53F6 /* SpeedNumber */,
				42A1E5712434932D00FA53F6 /* Products */,
				42838F47243515E5006978BF /* Frameworks */,
			);
			sourceTree = "<group>";
		};
		42A1E5712434932D00FA53F6 /* Products */ = {
			isa = PBXGroup;
			children = (
				42A1E5702434932D00FA53F6 /* SpeedyNumbers.app */,
			);
			name = Products;
			sourceTree = "<group>";
		};
		42A1E5722434932D00FA53F6 /* SpeedNumber */ = {
			isa = PBXGroup;
			children = (
				42F982082435D9F200E643E6 /* App */,
				42F982072435D9E000E643E6 /* Views */,
				42F982022435D52500E643E6 /* Extension */,
				42A1E57E2434932F00FA53F6 /* LaunchScreen.storyboard */,
				42A1E5812434932F00FA53F6 /* Info.plist */,
				42A1E57B2434932F00FA53F6 /* Preview Content */,
			);
			path = SpeedNumber;
			sourceTree = "<group>";
		};
		42A1E57B2434932F00FA53F6 /* Preview Content */ = {
			isa = PBXGroup;
			children = (
				42A1E57C2434932F00FA53F6 /* Preview Assets.xcassets */,
			);
			path = "Preview Content";
			sourceTree = "<group>";
		};
		42F982022435D52500E643E6 /* Extension */ = {
			isa = PBXGroup;
			children = (
				42F982032435D53100E643E6 /* Int+Score.swift */,
				42F982052435D65600E643E6 /* TimeInterval+Score.swift */,
				4272088C24371EBE0007D61A /* Bundle+Version.swift */,
				42AAF1162437AC9200BB21E7 /* View+GridSize.swift */,
				427031F5243C489D00B73B86 /* View+Font.swift */,
				421E3DC8243CA99F0042B63D /* Locale+Country.swift */,
				420CA1C4243DC22B00587298 /* UIApplication+.swift */,
			);
			path = Extension;
			sourceTree = "<group>";
		};
		42F982072435D9E000E643E6 /* Views */ = {
			isa = PBXGroup;
			children = (
				42A1E5772434932D00FA53F6 /* GameView.swift */,
				42A1E58B2434C25E00FA53F6 /* CurrentValueView.swift */,
				42A1E5872434BA5100FA53F6 /* TimerView.swift */,
				42B6A7CB2435B65E00B4D381 /* WelcomeScreenView.swift */,
				42B6A7CD2435B73500B4D381 /* MenuView.swift */,
				42B6A7D12435BACD00B4D381 /* GameStatusView.swift */,
				42B6A7CF2435B7D900B4D381 /* BoardView.swift */,
				42A1E5892434C1AB00FA53F6 /* TileView.swift */,
				42B6A7C92435B44C00B4D381 /* ScoreView.swift */,
				421E3DC6243CA2950042B63D /* ShareView.swift */,
				425733E224471B6700591289 /* PodiumView.swift */,
			);
			path = Views;
			sourceTree = "<group>";
		};
		42F982082435D9F200E643E6 /* App */ = {
			isa = PBXGroup;
			children = (
				421E3DBF243C88EB0042B63D /* Assets */,
				42A1E5752434932D00FA53F6 /* SceneDelegate.swift */,
				423F8C6E243C6BBB00C31F1C /* Localizable.strings */,
				423F8C68243C6ADD00C31F1C /* Translations.swift */,
				42CDABA7244AEA2C008D97DC /* GameViewModel.swift */,
				42E71C4F24350E3C007DEB2B /* GameCenter.swift */,
			);
			path = App;
			sourceTree = "<group>";
		};
/* End PBXGroup section */

/* Begin PBXNativeTarget section */
		42A1E56F2434932D00FA53F6 /* SpeedNumber */ = {
			isa = PBXNativeTarget;
			buildConfigurationList = 42A1E5842434932F00FA53F6 /* Build configuration list for PBXNativeTarget "SpeedNumber" */;
			buildPhases = (
				42A1E56C2434932D00FA53F6 /* Sources */,
				42A1E56D2434932D00FA53F6 /* Frameworks */,
				42A1E56E2434932D00FA53F6 /* Resources */,
			);
			buildRules = (
			);
			dependencies = (
			);
			name = SpeedNumber;
			productName = SpeedNumber;
			productReference = 42A1E5702434932D00FA53F6 /* SpeedyNumbers.app */;
			productType = "com.apple.product-type.application";
		};
/* End PBXNativeTarget section */

/* Begin PBXProject section */
		42A1E5682434932D00FA53F6 /* Project object */ = {
			isa = PBXProject;
			attributes = {
				LastSwiftUpdateCheck = 1100;
				LastUpgradeCheck = 1210;
				ORGANIZATIONNAME = "Ivan Ruiz Monjo";
				TargetAttributes = {
					42A1E56F2434932D00FA53F6 = {
						CreatedOnToolsVersion = 11.0;
					};
				};
			};
			buildConfigurationList = 42A1E56B2434932D00FA53F6 /* Build configuration list for PBXProject "SpeedNumber" */;
			compatibilityVersion = "Xcode 9.3";
			developmentRegion = en;
			hasScannedForEncodings = 0;
			knownRegions = (
				en,
				Base,
				es,
			);
			mainGroup = 42A1E5672434932D00FA53F6;
			productRefGroup = 42A1E5712434932D00FA53F6 /* Products */;
			projectDirPath = "";
			projectRoot = "";
			targets = (
				42A1E56F2434932D00FA53F6 /* SpeedNumber */,
			);
		};
/* End PBXProject section */

/* Begin PBXResourcesBuildPhase section */
		42A1E56E2434932D00FA53F6 /* Resources */ = {
			isa = PBXResourcesBuildPhase;
			buildActionMask = 2147483647;
			files = (
				423F8C6C243C6BBB00C31F1C /* Localizable.strings in Resources */,
				42A1E5802434932F00FA53F6 /* LaunchScreen.storyboard in Resources */,
				42A1E57D2434932F00FA53F6 /* Preview Assets.xcassets in Resources */,
				42A1E57A2434932F00FA53F6 /* Assets.xcassets in Resources */,
			);
			runOnlyForDeploymentPostprocessing = 0;
		};
/* End PBXResourcesBuildPhase section */

/* Begin PBXSourcesBuildPhase section */
		42A1E56C2434932D00FA53F6 /* Sources */ = {
			isa = PBXSourcesBuildPhase;
			buildActionMask = 2147483647;
			files = (
				421E3DC7243CA2950042B63D /* ShareView.swift in Sources */,
				42B6A7D22435BACD00B4D381 /* GameStatusView.swift in Sources */,
				420CA1C5243DC22B00587298 /* UIApplication+.swift in Sources */,
				42A1E58C2434C25E00FA53F6 /* CurrentValueView.swift in Sources */,
				427031F6243C489E00B73B86 /* View+Font.swift in Sources */,
				42F982042435D53100E643E6 /* Int+Score.swift in Sources */,
				42B6A7CA2435B44C00B4D381 /* ScoreView.swift in Sources */,
				42A1E5762434932D00FA53F6 /* SceneDelegate.swift in Sources */,
				42CDABA8244AEA2C008D97DC /* GameViewModel.swift in Sources */,
				42A1E5882434BA5100FA53F6 /* TimerView.swift in Sources */,
				421E3DC9243CA99F0042B63D /* Locale+Country.swift in Sources */,
				4272088D24371EBE0007D61A /* Bundle+Version.swift in Sources */,
				425733E324471B6700591289 /* PodiumView.swift in Sources */,
				42B6A7D02435B7D900B4D381 /* BoardView.swift in Sources */,
				42B6A7CE2435B73500B4D381 /* MenuView.swift in Sources */,
				42A1E58A2434C1AB00FA53F6 /* TileView.swift in Sources */,
				42F982062435D65600E643E6 /* TimeInterval+Score.swift in Sources */,
				423F8C69243C6ADD00C31F1C /* Translations.swift in Sources */,
				42AAF1172437AC9200BB21E7 /* View+GridSize.swift in Sources */,
				42B6A7CC2435B65E00B4D381 /* WelcomeScreenView.swift in Sources */,
				42E71C5024350E3C007DEB2B /* GameCenter.swift in Sources */,
				42A1E5782434932D00FA53F6 /* GameView.swift in Sources */,
			);
			runOnlyForDeploymentPostprocessing = 0;
		};
/* End PBXSourcesBuildPhase section */

/* Begin PBXVariantGroup section */
		423F8C6E243C6BBB00C31F1C /* Localizable.strings */ = {
			isa = PBXVariantGroup;
			children = (
				423F8C6D243C6BBB00C31F1C /* en */,
				423F8C70243C6BF700C31F1C /* es */,
			);
			name = Localizable.strings;
			sourceTree = "<group>";
		};
		42A1E57E2434932F00FA53F6 /* LaunchScreen.storyboard */ = {
			isa = PBXVariantGroup;
			children = (
				42A1E57F2434932F00FA53F6 /* Base */,
				423F8C61243C69FC00C31F1C /* es */,
			);
			name = LaunchScreen.storyboard;
			sourceTree = "<group>";
		};
/* End PBXVariantGroup section */

/* Begin XCBuildConfiguration section */
		42A1E5822434932F00FA53F6 /* Debug */ = {
			isa = XCBuildConfiguration;
			buildSettings = {
				ALWAYS_SEARCH_USER_PATHS = NO;
				CLANG_ANALYZER_LOCALIZABILITY_NONLOCALIZED = YES;
				CLANG_ANALYZER_NONNULL = YES;
				CLANG_ANALYZER_NUMBER_OBJECT_CONVERSION = YES_AGGRESSIVE;
				CLANG_CXX_LANGUAGE_STANDARD = "gnu++14";
				CLANG_CXX_LIBRARY = "libc++";
				CLANG_ENABLE_MODULES = YES;
				CLANG_ENABLE_OBJC_ARC = YES;
				CLANG_ENABLE_OBJC_WEAK = YES;
				CLANG_WARN_BLOCK_CAPTURE_AUTORELEASING = YES;
				CLANG_WARN_BOOL_CONVERSION = YES;
				CLANG_WARN_COMMA = YES;
				CLANG_WARN_CONSTANT_CONVERSION = YES;
				CLANG_WARN_DEPRECATED_OBJC_IMPLEMENTATIONS = YES;
				CLANG_WARN_DIRECT_OBJC_ISA_USAGE = YES_ERROR;
				CLANG_WARN_DOCUMENTATION_COMMENTS = YES;
				CLANG_WARN_EMPTY_BODY = YES;
				CLANG_WARN_ENUM_CONVERSION = YES;
				CLANG_WARN_INFINITE_RECURSION = YES;
				CLANG_WARN_INT_CONVERSION = YES;
				CLANG_WARN_NON_LITERAL_NULL_CONVERSION = YES;
				CLANG_WARN_OBJC_IMPLICIT_RETAIN_SELF = YES;
				CLANG_WARN_OBJC_LITERAL_CONVERSION = YES;
				CLANG_WARN_OBJC_ROOT_CLASS = YES_ERROR;
				CLANG_WARN_QUOTED_INCLUDE_IN_FRAMEWORK_HEADER = YES;
				CLANG_WARN_RANGE_LOOP_ANALYSIS = YES;
				CLANG_WARN_STRICT_PROTOTYPES = YES;
				CLANG_WARN_SUSPICIOUS_MOVE = YES;
				CLANG_WARN_UNGUARDED_AVAILABILITY = YES_AGGRESSIVE;
				CLANG_WARN_UNREACHABLE_CODE = YES;
				CLANG_WARN__DUPLICATE_METHOD_MATCH = YES;
				COPY_PHASE_STRIP = NO;
				DEBUG_INFORMATION_FORMAT = dwarf;
				ENABLE_STRICT_OBJC_MSGSEND = YES;
				ENABLE_TESTABILITY = YES;
				GCC_C_LANGUAGE_STANDARD = gnu11;
				GCC_DYNAMIC_NO_PIC = NO;
				GCC_NO_COMMON_BLOCKS = YES;
				GCC_OPTIMIZATION_LEVEL = 0;
				GCC_PREPROCESSOR_DEFINITIONS = (
					"DEBUG=1",
					"$(inherited)",
				);
				GCC_WARN_64_TO_32_BIT_CONVERSION = YES;
				GCC_WARN_ABOUT_RETURN_TYPE = YES_ERROR;
				GCC_WARN_UNDECLARED_SELECTOR = YES;
				GCC_WARN_UNINITIALIZED_AUTOS = YES_AGGRESSIVE;
				GCC_WARN_UNUSED_FUNCTION = YES;
				GCC_WARN_UNUSED_VARIABLE = YES;
				IPHONEOS_DEPLOYMENT_TARGET = 14.0;
				MTL_ENABLE_DEBUG_INFO = INCLUDE_SOURCE;
				MTL_FAST_MATH = YES;
				ONLY_ACTIVE_ARCH = YES;
				SDKROOT = iphoneos;
				SWIFT_ACTIVE_COMPILATION_CONDITIONS = DEBUG;
				SWIFT_OPTIMIZATION_LEVEL = "-Onone";
			};
			name = Debug;
		};
		42A1E5832434932F00FA53F6 /* Release */ = {
			isa = XCBuildConfiguration;
			buildSettings = {
				ALWAYS_SEARCH_USER_PATHS = NO;
				CLANG_ANALYZER_LOCALIZABILITY_NONLOCALIZED = YES;
				CLANG_ANALYZER_NONNULL = YES;
				CLANG_ANALYZER_NUMBER_OBJECT_CONVERSION = YES_AGGRESSIVE;
				CLANG_CXX_LANGUAGE_STANDARD = "gnu++14";
				CLANG_CXX_LIBRARY = "libc++";
				CLANG_ENABLE_MODULES = YES;
				CLANG_ENABLE_OBJC_ARC = YES;
				CLANG_ENABLE_OBJC_WEAK = YES;
				CLANG_WARN_BLOCK_CAPTURE_AUTORELEASING = YES;
				CLANG_WARN_BOOL_CONVERSION = YES;
				CLANG_WARN_COMMA = YES;
				CLANG_WARN_CONSTANT_CONVERSION = YES;
				CLANG_WARN_DEPRECATED_OBJC_IMPLEMENTATIONS = YES;
				CLANG_WARN_DIRECT_OBJC_ISA_USAGE = YES_ERROR;
				CLANG_WARN_DOCUMENTATION_COMMENTS = YES;
				CLANG_WARN_EMPTY_BODY = YES;
				CLANG_WARN_ENUM_CONVERSION = YES;
				CLANG_WARN_INFINITE_RECURSION = YES;
				CLANG_WARN_INT_CONVERSION = YES;
				CLANG_WARN_NON_LITERAL_NULL_CONVERSION = YES;
				CLANG_WARN_OBJC_IMPLICIT_RETAIN_SELF = YES;
				CLANG_WARN_OBJC_LITERAL_CONVERSION = YES;
				CLANG_WARN_OBJC_ROOT_CLASS = YES_ERROR;
				CLANG_WARN_QUOTED_INCLUDE_IN_FRAMEWORK_HEADER = YES;
				CLANG_WARN_RANGE_LOOP_ANALYSIS = YES;
				CLANG_WARN_STRICT_PROTOTYPES = YES;
				CLANG_WARN_SUSPICIOUS_MOVE = YES;
				CLANG_WARN_UNGUARDED_AVAILABILITY = YES_AGGRESSIVE;
				CLANG_WARN_UNREACHABLE_CODE = YES;
				CLANG_WARN__DUPLICATE_METHOD_MATCH = YES;
				COPY_PHASE_STRIP = NO;
				DEBUG_INFORMATION_FORMAT = "dwarf-with-dsym";
				ENABLE_NS_ASSERTIONS = NO;
				ENABLE_STRICT_OBJC_MSGSEND = YES;
				GCC_C_LANGUAGE_STANDARD = gnu11;
				GCC_NO_COMMON_BLOCKS = YES;
				GCC_WARN_64_TO_32_BIT_CONVERSION = YES;
				GCC_WARN_ABOUT_RETURN_TYPE = YES_ERROR;
				GCC_WARN_UNDECLARED_SELECTOR = YES;
				GCC_WARN_UNINITIALIZED_AUTOS = YES_AGGRESSIVE;
				GCC_WARN_UNUSED_FUNCTION = YES;
				GCC_WARN_UNUSED_VARIABLE = YES;
				IPHONEOS_DEPLOYMENT_TARGET = 14.0;
				MTL_ENABLE_DEBUG_INFO = NO;
				MTL_FAST_MATH = YES;
				SDKROOT = iphoneos;
				SWIFT_COMPILATION_MODE = wholemodule;
				SWIFT_OPTIMIZATION_LEVEL = "-O";
				VALIDATE_PRODUCT = YES;
			};
			name = Release;
		};
		42A1E5852434932F00FA53F6 /* Debug */ = {
			isa = XCBuildConfiguration;
			buildSettings = {
				ASSETCATALOG_COMPILER_APPICON_NAME = AppIcon;
				CODE_SIGN_STYLE = Automatic;
				CURRENT_PROJECT_VERSION = 8;
				DEVELOPMENT_ASSET_PATHS = "\"SpeedNumber/Preview Content\"";
				DEVELOPMENT_TEAM = CPTD3EV4H4;
				ENABLE_PREVIEWS = YES;
				INFOPLIST_FILE = SpeedNumber/Info.plist;
				IPHONEOS_DEPLOYMENT_TARGET = 14.0;
				LD_RUNPATH_SEARCH_PATHS = (
					"$(inherited)",
					"@executable_path/Frameworks",
				);
				MARKETING_VERSION = 1.1;
				OTHER_SWIFT_FLAGS = "-DDEBUG";
				PRODUCT_BUNDLE_IDENTIFIER = ivan.SpeedNumber;
				PRODUCT_NAME = SpeedyNumbers;
				SWIFT_VERSION = 5.0;
				TARGETED_DEVICE_FAMILY = "1,2";
			};
			name = Debug;
		};
		42A1E5862434932F00FA53F6 /* Release */ = {
			isa = XCBuildConfiguration;
			buildSettings = {
				ASSETCATALOG_COMPILER_APPICON_NAME = AppIcon;
				CODE_SIGN_STYLE = Automatic;
				CURRENT_PROJECT_VERSION = 8;
				DEVELOPMENT_ASSET_PATHS = "\"SpeedNumber/Preview Content\"";
				DEVELOPMENT_TEAM = CPTD3EV4H4;
				ENABLE_PREVIEWS = YES;
				INFOPLIST_FILE = SpeedNumber/Info.plist;
				IPHONEOS_DEPLOYMENT_TARGET = 14.0;
				LD_RUNPATH_SEARCH_PATHS = (
					"$(inherited)",
					"@executable_path/Frameworks",
				);
				MARKETING_VERSION = 1.1;
				OTHER_SWIFT_FLAGS = "-DRELEASE";
				PRODUCT_BUNDLE_IDENTIFIER = ivan.SpeedNumber;
				PRODUCT_NAME = SpeedyNumbers;
				SWIFT_VERSION = 5.0;
				TARGETED_DEVICE_FAMILY = "1,2";
			};
			name = Release;
		};
/* End XCBuildConfiguration section */

/* Begin XCConfigurationList section */
		42A1E56B2434932D00FA53F6 /* Build configuration list for PBXProject "SpeedNumber" */ = {
			isa = XCConfigurationList;
			buildConfigurations = (
				42A1E5822434932F00FA53F6 /* Debug */,
				42A1E5832434932F00FA53F6 /* Release */,
			);
			defaultConfigurationIsVisible = 0;
			defaultConfigurationName = Release;
		};
		42A1E5842434932F00FA53F6 /* Build configuration list for PBXNativeTarget "SpeedNumber" */ = {
			isa = XCConfigurationList;
			buildConfigurations = (
				42A1E5852434932F00FA53F6 /* Debug */,
				42A1E5862434932F00FA53F6 /* Release */,
			);
			defaultConfigurationIsVisible = 0;
			defaultConfigurationName = Release;
		};
/* End XCConfigurationList section */
	};
	rootObject = 42A1E5682434932D00FA53F6 /* Project object */;
}
